PODS:
  - HKCommonModule (0.1.5):
    - HKCommonModule/HKCategory (= 0.1.5)
    - HKCommonModule/HKCommon (= 0.1.5)
  - HKCommonModule/HKCategory (0.1.5)
  - HKCommonModule/HKCommon (0.1.5)
  - HKRouterModule (0.1.6):
    - HKCommonModule

DEPENDENCIES:
  - HKRouterModule (from `../`)

SPEC REPOS:
  https://github.com/cocoapods/specs.git:
    - HKCommonModule

EXTERNAL SOURCES:
  HKRouterModule:
    :path: "../"

SPEC CHECKSUMS:
  HKCommonModule: b73b2e696fb436c4253da80e471369640ad5c2ea
  HKRouterModule: 757ec02e0325b221e0ba0c21506458fbd0b5c363

PODFILE CHECKSUM: 98b191b85c097a5bb24d1ce66b7ade570bfc1738

COCOAPODS: 1.7.5
